PODS:
  - AsyncSwift (2.0.0)
  - Charts (3.0.0):
    - Charts/Core (= 3.0.0)
  - Charts/Core (3.0.0)

DEPENDENCIES:
  - AsyncSwift
  - Charts

SPEC CHECKSUMS:
  AsyncSwift: 6ba6ed9ecb51344458063f7c86fe447ab824e313
  Charts: beb341928d2135613b4325a6c6aff9f2f6de895e

PODFILE CHECKSUM: 88f51551509e900276aff44ca47c72a31f2ac8ee

COCOAPODS: 1.2.0.beta.1
