// !$*UTF8*$!
{
	archiveVersion = 1;
	classes = {
	};
	objectVersion = 46;
	objects = {

/* Begin PBXBuildFile section */
		9EF65503B2511B4260FCD9BD /* Pods_ImproveHRVTests.framework in Frameworks */ = {isa = PBXBuildFile; fileRef = 4E89C2D8CE0860EE51A38D06 /* Pods_ImproveHRVTests.framework */; };
		9FAAFD44D7742D1AAA638E9F /* Pods_ImproveHRVUITests.framework in Frameworks */ = {isa = PBXBuildFile; fileRef = C13FC58786F30516ACD43344 /* Pods_ImproveHRVUITests.framework */; };
		AF501F794EB54087F297309C /* Pods_ImproveHRV.framework in Frameworks */ = {isa = PBXBuildFile; fileRef = D2856FFFF7311A83D7CB30A7 /* Pods_ImproveHRV.framework */; };
		ED2C5B511DD20BA700E6D3BD /* SymptomSelectionViewController.swift in Sources */ = {isa = PBXBuildFile; fileRef = ED2C5B501DD20BA700E6D3BD /* SymptomSelectionViewController.swift */; };
		ED639A041DC44AE100E05762 /* Surge.framework in Frameworks */ = {isa = PBXBuildFile; fileRef = ED639A031DC44AE100E05762 /* Surge.framework */; };
		ED639A051DC44AE100E05762 /* Surge.framework in CopyFiles */ = {isa = PBXBuildFile; fileRef = ED639A031DC44AE100E05762 /* Surge.framework */; settings = {ATTRIBUTES = (CodeSignOnCopy, RemoveHeadersOnCopy, ); }; };
		ED86F6211DBC5A1100301D30 /* ResultViewController.swift in Sources */ = {isa = PBXBuildFile; fileRef = ED86F6201DBC5A1100301D30 /* ResultViewController.swift */; };
		ED86F6231DBC64DA00301D30 /* HelperFunctions.swift in Sources */ = {isa = PBXBuildFile; fileRef = ED86F6221DBC64DA00301D30 /* HelperFunctions.swift */; };
		ED952E821DCB8F6800D9B3ED /* RemedyListViewController.swift in Sources */ = {isa = PBXBuildFile; fileRef = ED952E811DCB8F6800D9B3ED /* RemedyListViewController.swift */; };
		EDC031411E06CB0C002F2724 /* SimpleResultViewController.swift in Sources */ = {isa = PBXBuildFile; fileRef = EDC031401E06CB0C002F2724 /* SimpleResultViewController.swift */; };
		EDCF4C8F1DB9C858006A8045 /* AppDelegate.swift in Sources */ = {isa = PBXBuildFile; fileRef = EDCF4C8E1DB9C858006A8045 /* AppDelegate.swift */; };
		EDCF4C911DB9C858006A8045 /* RecordingViewController.swift in Sources */ = {isa = PBXBuildFile; fileRef = EDCF4C901DB9C858006A8045 /* RecordingViewController.swift */; };
		EDCF4C941DB9C858006A8045 /* Main.storyboard in Resources */ = {isa = PBXBuildFile; fileRef = EDCF4C921DB9C858006A8045 /* Main.storyboard */; };
		EDCF4C991DB9C858006A8045 /* Assets.xcassets in Resources */ = {isa = PBXBuildFile; fileRef = EDCF4C981DB9C858006A8045 /* Assets.xcassets */; };
		EDCF4C9C1DB9C858006A8045 /* LaunchScreen.storyboard in Resources */ = {isa = PBXBuildFile; fileRef = EDCF4C9A1DB9C858006A8045 /* LaunchScreen.storyboard */; };
		EDCF4CA71DB9C858006A8045 /* ImproveHRVTests.swift in Sources */ = {isa = PBXBuildFile; fileRef = EDCF4CA61DB9C858006A8045 /* ImproveHRVTests.swift */; };
		EDCF4CB21DB9C858006A8045 /* ImproveHRVUITests.swift in Sources */ = {isa = PBXBuildFile; fileRef = EDCF4CB11DB9C858006A8045 /* ImproveHRVUITests.swift */; };
		EDCF4CC01DB9C86B006A8045 /* BITalinoBLE.framework in Frameworks */ = {isa = PBXBuildFile; fileRef = EDCF4CBF1DB9C86B006A8045 /* BITalinoBLE.framework */; };
		EDCF4CC21DB9C872006A8045 /* BITalinoBLE.framework in CopyFiles */ = {isa = PBXBuildFile; fileRef = EDCF4CBF1DB9C86B006A8045 /* BITalinoBLE.framework */; settings = {ATTRIBUTES = (CodeSignOnCopy, RemoveHeadersOnCopy, ); }; };
		EDD34D4D1DC4CE6200698598 /* CircleView.swift in Sources */ = {isa = PBXBuildFile; fileRef = EDD34D4C1DC4CE6200698598 /* CircleView.swift */; };
		EDD34D4F1DC4CF0400698598 /* Extensions.swift in Sources */ = {isa = PBXBuildFile; fileRef = EDD34D4E1DC4CF0400698598 /* Extensions.swift */; };
		EDE490DC1DC75A76000B5678 /* ViewController.swift in Sources */ = {isa = PBXBuildFile; fileRef = EDE490DB1DC75A76000B5678 /* ViewController.swift */; };
		EDE490DE1DC76130000B5678 /* SettingsViewController.swift in Sources */ = {isa = PBXBuildFile; fileRef = EDE490DD1DC76130000B5678 /* SettingsViewController.swift */; };
		EDE490E51DC77AC6000B5678 /* ECGData.swift in Sources */ = {isa = PBXBuildFile; fileRef = EDE490E41DC77AC6000B5678 /* ECGData.swift */; };
		EDE490E71DC78964000B5678 /* RecordViewController.swift in Sources */ = {isa = PBXBuildFile; fileRef = EDE490E61DC78964000B5678 /* RecordViewController.swift */; };
		EDFA80A41DFA505200F53585 /* TriangleView.swift in Sources */ = {isa = PBXBuildFile; fileRef = EDFA80A31DFA505100F53585 /* TriangleView.swift */; };
		EDFA80A61DFA86F300F53585 /* ActivityData.swift in Sources */ = {isa = PBXBuildFile; fileRef = EDFA80A51DFA86F300F53585 /* ActivityData.swift */; };
		EDFA80A91DFAE77500F53585 /* BasicConfig.swift in Sources */ = {isa = PBXBuildFile; fileRef = EDFA80A81DFAE77500F53585 /* BasicConfig.swift */; };
/* End PBXBuildFile section */

/* Begin PBXContainerItemProxy section */
		EDCF4CA31DB9C858006A8045 /* PBXContainerItemProxy */ = {
			isa = PBXContainerItemProxy;
			containerPortal = EDCF4C831DB9C858006A8045 /* Project object */;
			proxyType = 1;
			remoteGlobalIDString = EDCF4C8A1DB9C858006A8045;
			remoteInfo = ImproveHRV;
		};
		EDCF4CAE1DB9C858006A8045 /* PBXContainerItemProxy */ = {
			isa = PBXContainerItemProxy;
			containerPortal = EDCF4C831DB9C858006A8045 /* Project object */;
			proxyType = 1;
			remoteGlobalIDString = EDCF4C8A1DB9C858006A8045;
			remoteInfo = ImproveHRV;
		};
/* End PBXContainerItemProxy section */

/* Begin PBXCopyFilesBuildPhase section */
		EDCF4CC11DB9C86F006A8045 /* CopyFiles */ = {
			isa = PBXCopyFilesBuildPhase;
			buildActionMask = 2147483647;
			dstPath = "";
			dstSubfolderSpec = 10;
			files = (
				EDCF4CC21DB9C872006A8045 /* BITalinoBLE.framework in CopyFiles */,
				ED639A051DC44AE100E05762 /* Surge.framework in CopyFiles */,
			);
			runOnlyForDeploymentPostprocessing = 0;
		};
/* End PBXCopyFilesBuildPhase section */

/* Begin PBXFileReference section */
		2C985FB37F6DEFEB0C56EDCA /* Pods-ImproveHRVTests.release.xcconfig */ = {isa = PBXFileReference; includeInIndex = 1; lastKnownFileType = text.xcconfig; name = "Pods-ImproveHRVTests.release.xcconfig"; path = "Pods/Target Support Files/Pods-ImproveHRVTests/Pods-ImproveHRVTests.release.xcconfig"; sourceTree = "<group>"; };
		355DAB5A8A4E97DE8AEAECF9 /* Pods-ImproveHRV.release.xcconfig */ = {isa = PBXFileReference; includeInIndex = 1; lastKnownFileType = text.xcconfig; name = "Pods-ImproveHRV.release.xcconfig"; path = "Pods/Target Support Files/Pods-ImproveHRV/Pods-ImproveHRV.release.xcconfig"; sourceTree = "<group>"; };
		45B76CD1AAA638A023BA56EC /* Pods-ImproveHRVTests.debug.xcconfig */ = {isa = PBXFileReference; includeInIndex = 1; lastKnownFileType = text.xcconfig; name = "Pods-ImproveHRVTests.debug.xcconfig"; path = "Pods/Target Support Files/Pods-ImproveHRVTests/Pods-ImproveHRVTests.debug.xcconfig"; sourceTree = "<group>"; };
		4E89C2D8CE0860EE51A38D06 /* Pods_ImproveHRVTests.framework */ = {isa = PBXFileReference; explicitFileType = wrapper.framework; includeInIndex = 0; path = Pods_ImproveHRVTests.framework; sourceTree = BUILT_PRODUCTS_DIR; };
		81BC356ED4A6AB3346CD0E40 /* Pods-ImproveHRVUITests.release.xcconfig */ = {isa = PBXFileReference; includeInIndex = 1; lastKnownFileType = text.xcconfig; name = "Pods-ImproveHRVUITests.release.xcconfig"; path = "Pods/Target Support Files/Pods-ImproveHRVUITests/Pods-ImproveHRVUITests.release.xcconfig"; sourceTree = "<group>"; };
		A42C1224D7199C24FF1C79F8 /* Pods-ImproveHRV.debug.xcconfig */ = {isa = PBXFileReference; includeInIndex = 1; lastKnownFileType = text.xcconfig; name = "Pods-ImproveHRV.debug.xcconfig"; path = "Pods/Target Support Files/Pods-ImproveHRV/Pods-ImproveHRV.debug.xcconfig"; sourceTree = "<group>"; };
		C13FC58786F30516ACD43344 /* Pods_ImproveHRVUITests.framework */ = {isa = PBXFileReference; explicitFileType = wrapper.framework; includeInIndex = 0; path = Pods_ImproveHRVUITests.framework; sourceTree = BUILT_PRODUCTS_DIR; };
		D2856FFFF7311A83D7CB30A7 /* Pods_ImproveHRV.framework */ = {isa = PBXFileReference; explicitFileType = wrapper.framework; includeInIndex = 0; path = Pods_ImproveHRV.framework; sourceTree = BUILT_PRODUCTS_DIR; };
		E3AF92B3DAF407210EB2545C /* Pods-ImproveHRVUITests.debug.xcconfig */ = {isa = PBXFileReference; includeInIndex = 1; lastKnownFileType = text.xcconfig; name = "Pods-ImproveHRVUITests.debug.xcconfig"; path = "Pods/Target Support Files/Pods-ImproveHRVUITests/Pods-ImproveHRVUITests.debug.xcconfig"; sourceTree = "<group>"; };
		ED2C5B501DD20BA700E6D3BD /* SymptomSelectionViewController.swift */ = {isa = PBXFileReference; fileEncoding = 4; lastKnownFileType = sourcecode.swift; path = SymptomSelectionViewController.swift; sourceTree = "<group>"; };
		ED639A031DC44AE100E05762 /* Surge.framework */ = {isa = PBXFileReference; explicitFileType = wrapper.framework; path = Surge.framework; sourceTree = BUILT_PRODUCTS_DIR; };
		ED86F6201DBC5A1100301D30 /* ResultViewController.swift */ = {isa = PBXFileReference; fileEncoding = 4; lastKnownFileType = sourcecode.swift; path = ResultViewController.swift; sourceTree = "<group>"; };
		ED86F6221DBC64DA00301D30 /* HelperFunctions.swift */ = {isa = PBXFileReference; fileEncoding = 4; lastKnownFileType = sourcecode.swift; path = HelperFunctions.swift; sourceTree = "<group>"; };
		ED952E811DCB8F6800D9B3ED /* RemedyListViewController.swift */ = {isa = PBXFileReference; fileEncoding = 4; lastKnownFileType = sourcecode.swift; path = RemedyListViewController.swift; sourceTree = "<group>"; };
		EDC031401E06CB0C002F2724 /* SimpleResultViewController.swift */ = {isa = PBXFileReference; fileEncoding = 4; lastKnownFileType = sourcecode.swift; path = SimpleResultViewController.swift; sourceTree = "<group>"; };
		EDCF4C8B1DB9C858006A8045 /* ImproveHRV.app */ = {isa = PBXFileReference; explicitFileType = wrapper.application; includeInIndex = 0; path = ImproveHRV.app; sourceTree = BUILT_PRODUCTS_DIR; };
		EDCF4C8E1DB9C858006A8045 /* AppDelegate.swift */ = {isa = PBXFileReference; lastKnownFileType = sourcecode.swift; path = AppDelegate.swift; sourceTree = "<group>"; };
		EDCF4C901DB9C858006A8045 /* RecordingViewController.swift */ = {isa = PBXFileReference; lastKnownFileType = sourcecode.swift; path = RecordingViewController.swift; sourceTree = "<group>"; };
		EDCF4C931DB9C858006A8045 /* Base */ = {isa = PBXFileReference; lastKnownFileType = file.storyboard; name = Base; path = Base.lproj/Main.storyboard; sourceTree = "<group>"; };
		EDCF4C981DB9C858006A8045 /* Assets.xcassets */ = {isa = PBXFileReference; lastKnownFileType = folder.assetcatalog; path = Assets.xcassets; sourceTree = "<group>"; };
		EDCF4C9B1DB9C858006A8045 /* Base */ = {isa = PBXFileReference; lastKnownFileType = file.storyboard; name = Base; path = Base.lproj/LaunchScreen.storyboard; sourceTree = "<group>"; };
		EDCF4C9D1DB9C858006A8045 /* Info.plist */ = {isa = PBXFileReference; lastKnownFileType = text.plist.xml; path = Info.plist; sourceTree = "<group>"; };
		EDCF4CA21DB9C858006A8045 /* ImproveHRVTests.xctest */ = {isa = PBXFileReference; explicitFileType = wrapper.cfbundle; includeInIndex = 0; path = ImproveHRVTests.xctest; sourceTree = BUILT_PRODUCTS_DIR; };
		EDCF4CA61DB9C858006A8045 /* ImproveHRVTests.swift */ = {isa = PBXFileReference; lastKnownFileType = sourcecode.swift; path = ImproveHRVTests.swift; sourceTree = "<group>"; };
		EDCF4CA81DB9C858006A8045 /* Info.plist */ = {isa = PBXFileReference; lastKnownFileType = text.plist.xml; path = Info.plist; sourceTree = "<group>"; };
		EDCF4CAD1DB9C858006A8045 /* ImproveHRVUITests.xctest */ = {isa = PBXFileReference; explicitFileType = wrapper.cfbundle; includeInIndex = 0; path = ImproveHRVUITests.xctest; sourceTree = BUILT_PRODUCTS_DIR; };
		EDCF4CB11DB9C858006A8045 /* ImproveHRVUITests.swift */ = {isa = PBXFileReference; lastKnownFileType = sourcecode.swift; path = ImproveHRVUITests.swift; sourceTree = "<group>"; };
		EDCF4CB31DB9C858006A8045 /* Info.plist */ = {isa = PBXFileReference; lastKnownFileType = text.plist.xml; path = Info.plist; sourceTree = "<group>"; };
		EDCF4CBF1DB9C86B006A8045 /* BITalinoBLE.framework */ = {isa = PBXFileReference; lastKnownFileType = wrapper.framework; path = BITalinoBLE.framework; sourceTree = "<group>"; };
		EDCF4CC31DB9C885006A8045 /* ImproveHRV-Bridging-Header.h */ = {isa = PBXFileReference; lastKnownFileType = sourcecode.c.h; path = "ImproveHRV-Bridging-Header.h"; sourceTree = "<group>"; };
		EDD34D4C1DC4CE6200698598 /* CircleView.swift */ = {isa = PBXFileReference; fileEncoding = 4; lastKnownFileType = sourcecode.swift; path = CircleView.swift; sourceTree = "<group>"; };
		EDD34D4E1DC4CF0400698598 /* Extensions.swift */ = {isa = PBXFileReference; fileEncoding = 4; lastKnownFileType = sourcecode.swift; path = Extensions.swift; sourceTree = "<group>"; };
		EDE490DB1DC75A76000B5678 /* ViewController.swift */ = {isa = PBXFileReference; fileEncoding = 4; lastKnownFileType = sourcecode.swift; path = ViewController.swift; sourceTree = "<group>"; };
		EDE490DD1DC76130000B5678 /* SettingsViewController.swift */ = {isa = PBXFileReference; fileEncoding = 4; lastKnownFileType = sourcecode.swift; path = SettingsViewController.swift; sourceTree = "<group>"; };
		EDE490E41DC77AC6000B5678 /* ECGData.swift */ = {isa = PBXFileReference; fileEncoding = 4; lastKnownFileType = sourcecode.swift; path = ECGData.swift; sourceTree = "<group>"; };
		EDE490E61DC78964000B5678 /* RecordViewController.swift */ = {isa = PBXFileReference; fileEncoding = 4; lastKnownFileType = sourcecode.swift; path = RecordViewController.swift; sourceTree = "<group>"; };
		EDFA80A31DFA505100F53585 /* TriangleView.swift */ = {isa = PBXFileReference; fileEncoding = 4; lastKnownFileType = sourcecode.swift; path = TriangleView.swift; sourceTree = "<group>"; };
		EDFA80A51DFA86F300F53585 /* ActivityData.swift */ = {isa = PBXFileReference; fileEncoding = 4; lastKnownFileType = sourcecode.swift; path = ActivityData.swift; sourceTree = "<group>"; };
		EDFA80A81DFAE77500F53585 /* BasicConfig.swift */ = {isa = PBXFileReference; fileEncoding = 4; lastKnownFileType = sourcecode.swift; path = BasicConfig.swift; sourceTree = "<group>"; };
/* End PBXFileReference section */

/* Begin PBXFrameworksBuildPhase section */
		EDCF4C881DB9C858006A8045 /* Frameworks */ = {
			isa = PBXFrameworksBuildPhase;
			buildActionMask = 2147483647;
			files = (
				ED639A041DC44AE100E05762 /* Surge.framework in Frameworks */,
				EDCF4CC01DB9C86B006A8045 /* BITalinoBLE.framework in Frameworks */,
				AF501F794EB54087F297309C /* Pods_ImproveHRV.framework in Frameworks */,
			);
			runOnlyForDeploymentPostprocessing = 0;
		};
		EDCF4C9F1DB9C858006A8045 /* Frameworks */ = {
			isa = PBXFrameworksBuildPhase;
			buildActionMask = 2147483647;
			files = (
				9EF65503B2511B4260FCD9BD /* Pods_ImproveHRVTests.framework in Frameworks */,
			);
			runOnlyForDeploymentPostprocessing = 0;
		};
		EDCF4CAA1DB9C858006A8045 /* Frameworks */ = {
			isa = PBXFrameworksBuildPhase;
			buildActionMask = 2147483647;
			files = (
				9FAAFD44D7742D1AAA638E9F /* Pods_ImproveHRVUITests.framework in Frameworks */,
			);
			runOnlyForDeploymentPostprocessing = 0;
		};
/* End PBXFrameworksBuildPhase section */

/* Begin PBXGroup section */
		03CEF8E602AEFE4C6E11CCB3 /* Pods */ = {
			isa = PBXGroup;
			children = (
				A42C1224D7199C24FF1C79F8 /* Pods-ImproveHRV.debug.xcconfig */,
				355DAB5A8A4E97DE8AEAECF9 /* Pods-ImproveHRV.release.xcconfig */,
				45B76CD1AAA638A023BA56EC /* Pods-ImproveHRVTests.debug.xcconfig */,
				2C985FB37F6DEFEB0C56EDCA /* Pods-ImproveHRVTests.release.xcconfig */,
				E3AF92B3DAF407210EB2545C /* Pods-ImproveHRVUITests.debug.xcconfig */,
				81BC356ED4A6AB3346CD0E40 /* Pods-ImproveHRVUITests.release.xcconfig */,
			);
			name = Pods;
			sourceTree = "<group>";
		};
		D4A6A8948F3756FE53F8C888 /* Frameworks */ = {
			isa = PBXGroup;
			children = (
				D2856FFFF7311A83D7CB30A7 /* Pods_ImproveHRV.framework */,
				4E89C2D8CE0860EE51A38D06 /* Pods_ImproveHRVTests.framework */,
				C13FC58786F30516ACD43344 /* Pods_ImproveHRVUITests.framework */,
			);
			name = Frameworks;
			sourceTree = "<group>";
		};
		EDCF4C821DB9C858006A8045 = {
			isa = PBXGroup;
			children = (
				ED639A031DC44AE100E05762 /* Surge.framework */,
				EDCF4C8D1DB9C858006A8045 /* ImproveHRV */,
				EDCF4CA51DB9C858006A8045 /* ImproveHRVTests */,
				EDCF4CB01DB9C858006A8045 /* ImproveHRVUITests */,
				EDCF4C8C1DB9C858006A8045 /* Products */,
				03CEF8E602AEFE4C6E11CCB3 /* Pods */,
				D4A6A8948F3756FE53F8C888 /* Frameworks */,
			);
			sourceTree = "<group>";
		};
		EDCF4C8C1DB9C858006A8045 /* Products */ = {
			isa = PBXGroup;
			children = (
				EDCF4C8B1DB9C858006A8045 /* ImproveHRV.app */,
				EDCF4CA21DB9C858006A8045 /* ImproveHRVTests.xctest */,
				EDCF4CAD1DB9C858006A8045 /* ImproveHRVUITests.xctest */,
			);
			name = Products;
			sourceTree = "<group>";
		};
		EDCF4C8D1DB9C858006A8045 /* ImproveHRV */ = {
			isa = PBXGroup;
			children = (
				EDCF4CBF1DB9C86B006A8045 /* BITalinoBLE.framework */,
				EDCF4C8E1DB9C858006A8045 /* AppDelegate.swift */,
				EDFA80A81DFAE77500F53585 /* BasicConfig.swift */,
				EDE490DB1DC75A76000B5678 /* ViewController.swift */,
				ED952E811DCB8F6800D9B3ED /* RemedyListViewController.swift */,
				EDE490E61DC78964000B5678 /* RecordViewController.swift */,
				EDE490DD1DC76130000B5678 /* SettingsViewController.swift */,
				EDCF4C901DB9C858006A8045 /* RecordingViewController.swift */,
				ED86F6201DBC5A1100301D30 /* ResultViewController.swift */,
				EDC031401E06CB0C002F2724 /* SimpleResultViewController.swift */,
				ED2C5B501DD20BA700E6D3BD /* SymptomSelectionViewController.swift */,
				EDD34D501DC4CF0F00698598 /* Supporting Views */,
				EDD34D511DC4CF2100698598 /* Supporting Classes */,
				EDCF4C921DB9C858006A8045 /* Main.storyboard */,
				EDCF4C9A1DB9C858006A8045 /* LaunchScreen.storyboard */,
				EDCF4C981DB9C858006A8045 /* Assets.xcassets */,
				EDFA809E1DFA3CA600F53585 /* Supporting Files */,
			);
			path = ImproveHRV;
			sourceTree = "<group>";
		};
		EDCF4CA51DB9C858006A8045 /* ImproveHRVTests */ = {
			isa = PBXGroup;
			children = (
				EDCF4CA61DB9C858006A8045 /* ImproveHRVTests.swift */,
				EDCF4CA81DB9C858006A8045 /* Info.plist */,
			);
			path = ImproveHRVTests;
			sourceTree = "<group>";
		};
		EDCF4CB01DB9C858006A8045 /* ImproveHRVUITests */ = {
			isa = PBXGroup;
			children = (
				EDCF4CB11DB9C858006A8045 /* ImproveHRVUITests.swift */,
				EDCF4CB31DB9C858006A8045 /* Info.plist */,
			);
			path = ImproveHRVUITests;
			sourceTree = "<group>";
		};
		EDD34D501DC4CF0F00698598 /* Supporting Views */ = {
			isa = PBXGroup;
			children = (
				EDD34D4C1DC4CE6200698598 /* CircleView.swift */,
				EDFA80A31DFA505100F53585 /* TriangleView.swift */,
			);
			name = "Supporting Views";
			sourceTree = "<group>";
		};
		EDD34D511DC4CF2100698598 /* Supporting Classes */ = {
			isa = PBXGroup;
			children = (
				EDFA80A71DFA8AA400F53585 /* Realm Data */,
				ED86F6221DBC64DA00301D30 /* HelperFunctions.swift */,
				EDD34D4E1DC4CF0400698598 /* Extensions.swift */,
			);
			name = "Supporting Classes";
			sourceTree = "<group>";
		};
		EDFA809E1DFA3CA600F53585 /* Supporting Files */ = {
			isa = PBXGroup;
			children = (
				EDCF4C9D1DB9C858006A8045 /* Info.plist */,
				EDCF4CC31DB9C885006A8045 /* ImproveHRV-Bridging-Header.h */,
			);
			name = "Supporting Files";
			sourceTree = "<group>";
		};
		EDFA80A71DFA8AA400F53585 /* Realm Data */ = {
			isa = PBXGroup;
			children = (
				EDE490E41DC77AC6000B5678 /* ECGData.swift */,
				EDFA80A51DFA86F300F53585 /* ActivityData.swift */,
			);
			name = "Realm Data";
			sourceTree = "<group>";
		};
/* End PBXGroup section */

/* Begin PBXNativeTarget section */
		EDCF4C8A1DB9C858006A8045 /* ImproveHRV */ = {
			isa = PBXNativeTarget;
			buildConfigurationList = EDCF4CB61DB9C858006A8045 /* Build configuration list for PBXNativeTarget "ImproveHRV" */;
			buildPhases = (
				2415FB2C4AE444E939C26305 /* [CP] Check Pods Manifest.lock */,
				EDCF4C871DB9C858006A8045 /* Sources */,
				EDCF4C881DB9C858006A8045 /* Frameworks */,
				EDCF4C891DB9C858006A8045 /* Resources */,
				EDCF4CC11DB9C86F006A8045 /* CopyFiles */,
				68B3D8DB6CFD77FFBCF52AD3 /* [CP] Embed Pods Frameworks */,
				282AA6C2A412FDE64A3E02F7 /* [CP] Copy Pods Resources */,
				EDAF00CF1DB9CE6700534C7F /* Update Build Number */,
			);
			buildRules = (
			);
			dependencies = (
			);
			name = ImproveHRV;
			productName = ImproveHRV;
			productReference = EDCF4C8B1DB9C858006A8045 /* ImproveHRV.app */;
			productType = "com.apple.product-type.application";
		};
		EDCF4CA11DB9C858006A8045 /* ImproveHRVTests */ = {
			isa = PBXNativeTarget;
			buildConfigurationList = EDCF4CB91DB9C858006A8045 /* Build configuration list for PBXNativeTarget "ImproveHRVTests" */;
			buildPhases = (
				3B660619A06079E9310A0CB6 /* [CP] Check Pods Manifest.lock */,
				EDCF4C9E1DB9C858006A8045 /* Sources */,
				EDCF4C9F1DB9C858006A8045 /* Frameworks */,
				EDCF4CA01DB9C858006A8045 /* Resources */,
				0B5B80783C3FDDE45594A025 /* [CP] Embed Pods Frameworks */,
				B32ABEA8EAE89EC82908F024 /* [CP] Copy Pods Resources */,
			);
			buildRules = (
			);
			dependencies = (
				EDCF4CA41DB9C858006A8045 /* PBXTargetDependency */,
			);
			name = ImproveHRVTests;
			productName = ImproveHRVTests;
			productReference = EDCF4CA21DB9C858006A8045 /* ImproveHRVTests.xctest */;
			productType = "com.apple.product-type.bundle.unit-test";
		};
		EDCF4CAC1DB9C858006A8045 /* ImproveHRVUITests */ = {
			isa = PBXNativeTarget;
			buildConfigurationList = EDCF4CBC1DB9C858006A8045 /* Build configuration list for PBXNativeTarget "ImproveHRVUITests" */;
			buildPhases = (
				4C8C17CE1C49744D61A7FB51 /* [CP] Check Pods Manifest.lock */,
				EDCF4CA91DB9C858006A8045 /* Sources */,
				EDCF4CAA1DB9C858006A8045 /* Frameworks */,
				EDCF4CAB1DB9C858006A8045 /* Resources */,
				3DC30D79EB09DD784EA4CA3E /* [CP] Embed Pods Frameworks */,
				A03284C14798A737B3EBC076 /* [CP] Copy Pods Resources */,
			);
			buildRules = (
			);
			dependencies = (
				EDCF4CAF1DB9C858006A8045 /* PBXTargetDependency */,
			);
			name = ImproveHRVUITests;
			productName = ImproveHRVUITests;
			productReference = EDCF4CAD1DB9C858006A8045 /* ImproveHRVUITests.xctest */;
			productType = "com.apple.product-type.bundle.ui-testing";
		};
/* End PBXNativeTarget section */

/* Begin PBXProject section */
		EDCF4C831DB9C858006A8045 /* Project object */ = {
			isa = PBXProject;
			attributes = {
				LastSwiftUpdateCheck = 0800;
				LastUpgradeCheck = 0810;
				ORGANIZATIONNAME = Arefly;
				TargetAttributes = {
					EDCF4C8A1DB9C858006A8045 = {
						CreatedOnToolsVersion = 8.0;
						DevelopmentTeam = 77T9PEZRU7;
						LastSwiftMigration = 0800;
						ProvisioningStyle = Automatic;
					};
					EDCF4CA11DB9C858006A8045 = {
						CreatedOnToolsVersion = 8.0;
						DevelopmentTeam = 77T9PEZRU7;
						ProvisioningStyle = Automatic;
						TestTargetID = EDCF4C8A1DB9C858006A8045;
					};
					EDCF4CAC1DB9C858006A8045 = {
						CreatedOnToolsVersion = 8.0;
						DevelopmentTeam = 77T9PEZRU7;
						ProvisioningStyle = Automatic;
						TestTargetID = EDCF4C8A1DB9C858006A8045;
					};
				};
			};
			buildConfigurationList = EDCF4C861DB9C858006A8045 /* Build configuration list for PBXProject "ImproveHRV" */;
			compatibilityVersion = "Xcode 3.2";
			developmentRegion = English;
			hasScannedForEncodings = 0;
			knownRegions = (
				en,
				Base,
			);
			mainGroup = EDCF4C821DB9C858006A8045;
			productRefGroup = EDCF4C8C1DB9C858006A8045 /* Products */;
			projectDirPath = "";
			projectRoot = "";
			targets = (
				EDCF4C8A1DB9C858006A8045 /* ImproveHRV */,
				EDCF4CA11DB9C858006A8045 /* ImproveHRVTests */,
				EDCF4CAC1DB9C858006A8045 /* ImproveHRVUITests */,
			);
		};
/* End PBXProject section */

/* Begin PBXResourcesBuildPhase section */
		EDCF4C891DB9C858006A8045 /* Resources */ = {
			isa = PBXResourcesBuildPhase;
			buildActionMask = 2147483647;
			files = (
				EDCF4C9C1DB9C858006A8045 /* LaunchScreen.storyboard in Resources */,
				EDCF4C991DB9C858006A8045 /* Assets.xcassets in Resources */,
				EDCF4C941DB9C858006A8045 /* Main.storyboard in Resources */,
			);
			runOnlyForDeploymentPostprocessing = 0;
		};
		EDCF4CA01DB9C858006A8045 /* Resources */ = {
			isa = PBXResourcesBuildPhase;
			buildActionMask = 2147483647;
			files = (
			);
			runOnlyForDeploymentPostprocessing = 0;
		};
		EDCF4CAB1DB9C858006A8045 /* Resources */ = {
			isa = PBXResourcesBuildPhase;
			buildActionMask = 2147483647;
			files = (
			);
			runOnlyForDeploymentPostprocessing = 0;
		};
/* End PBXResourcesBuildPhase section */

/* Begin PBXShellScriptBuildPhase section */
		0B5B80783C3FDDE45594A025 /* [CP] Embed Pods Frameworks */ = {
			isa = PBXShellScriptBuildPhase;
			buildActionMask = 2147483647;
			files = (
			);
			inputPaths = (
			);
			name = "[CP] Embed Pods Frameworks";
			outputPaths = (
			);
			runOnlyForDeploymentPostprocessing = 0;
			shellPath = /bin/sh;
			shellScript = "\"${SRCROOT}/Pods/Target Support Files/Pods-ImproveHRVTests/Pods-ImproveHRVTests-frameworks.sh\"\n";
			showEnvVarsInLog = 0;
		};
		2415FB2C4AE444E939C26305 /* [CP] Check Pods Manifest.lock */ = {
			isa = PBXShellScriptBuildPhase;
			buildActionMask = 2147483647;
			files = (
			);
			inputPaths = (
			);
			name = "[CP] Check Pods Manifest.lock";
			outputPaths = (
			);
			runOnlyForDeploymentPostprocessing = 0;
			shellPath = /bin/sh;
			shellScript = "diff \"${PODS_ROOT}/../Podfile.lock\" \"${PODS_ROOT}/Manifest.lock\" > /dev/null\nif [ $? != 0 ] ; then\n    # print error to STDERR\n    echo \"error: The sandbox is not in sync with the Podfile.lock. Run 'pod install' or update your CocoaPods installation.\" >&2\n    exit 1\nfi\n";
			showEnvVarsInLog = 0;
		};
		282AA6C2A412FDE64A3E02F7 /* [CP] Copy Pods Resources */ = {
			isa = PBXShellScriptBuildPhase;
			buildActionMask = 2147483647;
			files = (
			);
			inputPaths = (
			);
			name = "[CP] Copy Pods Resources";
			outputPaths = (
			);
			runOnlyForDeploymentPostprocessing = 0;
			shellPath = /bin/sh;
			shellScript = "\"${SRCROOT}/Pods/Target Support Files/Pods-ImproveHRV/Pods-ImproveHRV-resources.sh\"\n";
			showEnvVarsInLog = 0;
		};
		3B660619A06079E9310A0CB6 /* [CP] Check Pods Manifest.lock */ = {
			isa = PBXShellScriptBuildPhase;
			buildActionMask = 2147483647;
			files = (
			);
			inputPaths = (
			);
			name = "[CP] Check Pods Manifest.lock";
			outputPaths = (
			);
			runOnlyForDeploymentPostprocessing = 0;
			shellPath = /bin/sh;
			shellScript = "diff \"${PODS_ROOT}/../Podfile.lock\" \"${PODS_ROOT}/Manifest.lock\" > /dev/null\nif [ $? != 0 ] ; then\n    # print error to STDERR\n    echo \"error: The sandbox is not in sync with the Podfile.lock. Run 'pod install' or update your CocoaPods installation.\" >&2\n    exit 1\nfi\n";
			showEnvVarsInLog = 0;
		};
		3DC30D79EB09DD784EA4CA3E /* [CP] Embed Pods Frameworks */ = {
			isa = PBXShellScriptBuildPhase;
			buildActionMask = 2147483647;
			files = (
			);
			inputPaths = (
			);
			name = "[CP] Embed Pods Frameworks";
			outputPaths = (
			);
			runOnlyForDeploymentPostprocessing = 0;
			shellPath = /bin/sh;
			shellScript = "\"${SRCROOT}/Pods/Target Support Files/Pods-ImproveHRVUITests/Pods-ImproveHRVUITests-frameworks.sh\"\n";
			showEnvVarsInLog = 0;
		};
		4C8C17CE1C49744D61A7FB51 /* [CP] Check Pods Manifest.lock */ = {
			isa = PBXShellScriptBuildPhase;
			buildActionMask = 2147483647;
			files = (
			);
			inputPaths = (
			);
			name = "[CP] Check Pods Manifest.lock";
			outputPaths = (
			);
			runOnlyForDeploymentPostprocessing = 0;
			shellPath = /bin/sh;
			shellScript = "diff \"${PODS_ROOT}/../Podfile.lock\" \"${PODS_ROOT}/Manifest.lock\" > /dev/null\nif [ $? != 0 ] ; then\n    # print error to STDERR\n    echo \"error: The sandbox is not in sync with the Podfile.lock. Run 'pod install' or update your CocoaPods installation.\" >&2\n    exit 1\nfi\n";
			showEnvVarsInLog = 0;
		};
		68B3D8DB6CFD77FFBCF52AD3 /* [CP] Embed Pods Frameworks */ = {
			isa = PBXShellScriptBuildPhase;
			buildActionMask = 2147483647;
			files = (
			);
			inputPaths = (
			);
			name = "[CP] Embed Pods Frameworks";
			outputPaths = (
			);
			runOnlyForDeploymentPostprocessing = 0;
			shellPath = /bin/sh;
			shellScript = "\"${SRCROOT}/Pods/Target Support Files/Pods-ImproveHRV/Pods-ImproveHRV-frameworks.sh\"\n";
			showEnvVarsInLog = 0;
		};
		A03284C14798A737B3EBC076 /* [CP] Copy Pods Resources */ = {
			isa = PBXShellScriptBuildPhase;
			buildActionMask = 2147483647;
			files = (
			);
			inputPaths = (
			);
			name = "[CP] Copy Pods Resources";
			outputPaths = (
			);
			runOnlyForDeploymentPostprocessing = 0;
			shellPath = /bin/sh;
			shellScript = "\"${SRCROOT}/Pods/Target Support Files/Pods-ImproveHRVUITests/Pods-ImproveHRVUITests-resources.sh\"\n";
			showEnvVarsInLog = 0;
		};
		B32ABEA8EAE89EC82908F024 /* [CP] Copy Pods Resources */ = {
			isa = PBXShellScriptBuildPhase;
			buildActionMask = 2147483647;
			files = (
			);
			inputPaths = (
			);
			name = "[CP] Copy Pods Resources";
			outputPaths = (
			);
			runOnlyForDeploymentPostprocessing = 0;
			shellPath = /bin/sh;
			shellScript = "\"${SRCROOT}/Pods/Target Support Files/Pods-ImproveHRVTests/Pods-ImproveHRVTests-resources.sh\"\n";
			showEnvVarsInLog = 0;
		};
		EDAF00CF1DB9CE6700534C7F /* Update Build Number */ = {
			isa = PBXShellScriptBuildPhase;
			buildActionMask = 2147483647;
			files = (
			);
			inputPaths = (
			);
			name = "Update Build Number";
			outputPaths = (
			);
			runOnlyForDeploymentPostprocessing = 0;
			shellPath = /bin/sh;
			shellScript = "version=`/usr/libexec/PlistBuddy -c \"Print CFBundleVersion\" $PRODUCT_SETTINGS_PATH`\nversion=`expr $version + 1`\n/usr/libexec/PlistBuddy -c \"Set :CFBundleVersion $version\" $PRODUCT_SETTINGS_PATH";
		};
/* End PBXShellScriptBuildPhase section */

/* Begin PBXSourcesBuildPhase section */
		EDCF4C871DB9C858006A8045 /* Sources */ = {
			isa = PBXSourcesBuildPhase;
			buildActionMask = 2147483647;
			files = (
				EDCF4C911DB9C858006A8045 /* RecordingViewController.swift in Sources */,
				EDD34D4F1DC4CF0400698598 /* Extensions.swift in Sources */,
				EDFA80A61DFA86F300F53585 /* ActivityData.swift in Sources */,
				EDFA80A41DFA505200F53585 /* TriangleView.swift in Sources */,
				EDD34D4D1DC4CE6200698598 /* CircleView.swift in Sources */,
				ED86F6231DBC64DA00301D30 /* HelperFunctions.swift in Sources */,
				ED952E821DCB8F6800D9B3ED /* RemedyListViewController.swift in Sources */,
				EDE490DC1DC75A76000B5678 /* ViewController.swift in Sources */,
				EDCF4C8F1DB9C858006A8045 /* AppDelegate.swift in Sources */,
				EDE490E51DC77AC6000B5678 /* ECGData.swift in Sources */,
				EDFA80A91DFAE77500F53585 /* BasicConfig.swift in Sources */,
				EDC031411E06CB0C002F2724 /* SimpleResultViewController.swift in Sources */,
				EDE490E71DC78964000B5678 /* RecordViewController.swift in Sources */,
				ED2C5B511DD20BA700E6D3BD /* SymptomSelectionViewController.swift in Sources */,
				ED86F6211DBC5A1100301D30 /* ResultViewController.swift in Sources */,
				EDE490DE1DC76130000B5678 /* SettingsViewController.swift in Sources */,
			);
			runOnlyForDeploymentPostprocessing = 0;
		};
		EDCF4C9E1DB9C858006A8045 /* Sources */ = {
			isa = PBXSourcesBuildPhase;
			buildActionMask = 2147483647;
			files = (
				EDCF4CA71DB9C858006A8045 /* ImproveHRVTests.swift in Sources */,
			);
			runOnlyForDeploymentPostprocessing = 0;
		};
		EDCF4CA91DB9C858006A8045 /* Sources */ = {
			isa = PBXSourcesBuildPhase;
			buildActionMask = 2147483647;
			files = (
				EDCF4CB21DB9C858006A8045 /* ImproveHRVUITests.swift in Sources */,
			);
			runOnlyForDeploymentPostprocessing = 0;
		};
/* End PBXSourcesBuildPhase section */

/* Begin PBXTargetDependency section */
		EDCF4CA41DB9C858006A8045 /* PBXTargetDependency */ = {
			isa = PBXTargetDependency;
			target = EDCF4C8A1DB9C858006A8045 /* ImproveHRV */;
			targetProxy = EDCF4CA31DB9C858006A8045 /* PBXContainerItemProxy */;
		};
		EDCF4CAF1DB9C858006A8045 /* PBXTargetDependency */ = {
			isa = PBXTargetDependency;
			target = EDCF4C8A1DB9C858006A8045 /* ImproveHRV */;
			targetProxy = EDCF4CAE1DB9C858006A8045 /* PBXContainerItemProxy */;
		};
/* End PBXTargetDependency section */

/* Begin PBXVariantGroup section */
		EDCF4C921DB9C858006A8045 /* Main.storyboard */ = {
			isa = PBXVariantGroup;
			children = (
				EDCF4C931DB9C858006A8045 /* Base */,
			);
			name = Main.storyboard;
			sourceTree = "<group>";
		};
		EDCF4C9A1DB9C858006A8045 /* LaunchScreen.storyboard */ = {
			isa = PBXVariantGroup;
			children = (
				EDCF4C9B1DB9C858006A8045 /* Base */,
			);
			name = LaunchScreen.storyboard;
			sourceTree = "<group>";
		};
/* End PBXVariantGroup section */

/* Begin XCBuildConfiguration section */
		EDCF4CB41DB9C858006A8045 /* Debug */ = {
			isa = XCBuildConfiguration;
			buildSettings = {
				ALWAYS_SEARCH_USER_PATHS = NO;
				CLANG_ANALYZER_NONNULL = YES;
				CLANG_CXX_LANGUAGE_STANDARD = "gnu++0x";
				CLANG_CXX_LIBRARY = "libc++";
				CLANG_ENABLE_MODULES = YES;
				CLANG_ENABLE_OBJC_ARC = YES;
				CLANG_WARN_BOOL_CONVERSION = YES;
				CLANG_WARN_CONSTANT_CONVERSION = YES;
				CLANG_WARN_DIRECT_OBJC_ISA_USAGE = YES_ERROR;
				CLANG_WARN_DOCUMENTATION_COMMENTS = YES;
				CLANG_WARN_EMPTY_BODY = YES;
				CLANG_WARN_ENUM_CONVERSION = YES;
				CLANG_WARN_INFINITE_RECURSION = YES;
				CLANG_WARN_INT_CONVERSION = YES;
				CLANG_WARN_OBJC_ROOT_CLASS = YES_ERROR;
				CLANG_WARN_SUSPICIOUS_MOVE = YES;
				CLANG_WARN_SUSPICIOUS_MOVES = YES;
				CLANG_WARN_UNREACHABLE_CODE = YES;
				CLANG_WARN__DUPLICATE_METHOD_MATCH = YES;
				"CODE_SIGN_IDENTITY[sdk=iphoneos*]" = "iPhone Developer";
				COPY_PHASE_STRIP = NO;
				DEBUG_INFORMATION_FORMAT = dwarf;
				ENABLE_STRICT_OBJC_MSGSEND = YES;
				ENABLE_TESTABILITY = YES;
				GCC_C_LANGUAGE_STANDARD = gnu99;
				GCC_DYNAMIC_NO_PIC = NO;
				GCC_NO_COMMON_BLOCKS = YES;
				GCC_OPTIMIZATION_LEVEL = 0;
				GCC_PREPROCESSOR_DEFINITIONS = (
					"DEBUG=1",
					"$(inherited)",
				);
				GCC_WARN_64_TO_32_BIT_CONVERSION = YES;
				GCC_WARN_ABOUT_RETURN_TYPE = YES_ERROR;
				GCC_WARN_UNDECLARED_SELECTOR = YES;
				GCC_WARN_UNINITIALIZED_AUTOS = YES_AGGRESSIVE;
				GCC_WARN_UNUSED_FUNCTION = YES;
				GCC_WARN_UNUSED_VARIABLE = YES;
				IPHONEOS_DEPLOYMENT_TARGET = 10.1;
				MTL_ENABLE_DEBUG_INFO = YES;
				ONLY_ACTIVE_ARCH = YES;
				SDKROOT = iphoneos;
				SWIFT_ACTIVE_COMPILATION_CONDITIONS = DEBUG;
				SWIFT_OPTIMIZATION_LEVEL = "-Onone";
				TARGETED_DEVICE_FAMILY = "1,2";
			};
			name = Debug;
		};
		EDCF4CB51DB9C858006A8045 /* Release */ = {
			isa = XCBuildConfiguration;
			buildSettings = {
				ALWAYS_SEARCH_USER_PATHS = NO;
				CLANG_ANALYZER_NONNULL = YES;
				CLANG_CXX_LANGUAGE_STANDARD = "gnu++0x";
				CLANG_CXX_LIBRARY = "libc++";
				CLANG_ENABLE_MODULES = YES;
				CLANG_ENABLE_OBJC_ARC = YES;
				CLANG_WARN_BOOL_CONVERSION = YES;
				CLANG_WARN_CONSTANT_CONVERSION = YES;
				CLANG_WARN_DIRECT_OBJC_ISA_USAGE = YES_ERROR;
				CLANG_WARN_DOCUMENTATION_COMMENTS = YES;
				CLANG_WARN_EMPTY_BODY = YES;
				CLANG_WARN_ENUM_CONVERSION = YES;
				CLANG_WARN_INFINITE_RECURSION = YES;
				CLANG_WARN_INT_CONVERSION = YES;
				CLANG_WARN_OBJC_ROOT_CLASS = YES_ERROR;
				CLANG_WARN_SUSPICIOUS_MOVE = YES;
				CLANG_WARN_SUSPICIOUS_MOVES = YES;
				CLANG_WARN_UNREACHABLE_CODE = YES;
				CLANG_WARN__DUPLICATE_METHOD_MATCH = YES;
				"CODE_SIGN_IDENTITY[sdk=iphoneos*]" = "iPhone Developer";
				COPY_PHASE_STRIP = NO;
				DEBUG_INFORMATION_FORMAT = "dwarf-with-dsym";
				ENABLE_NS_ASSERTIONS = NO;
				ENABLE_STRICT_OBJC_MSGSEND = YES;
				GCC_C_LANGUAGE_STANDARD = gnu99;
				GCC_NO_COMMON_BLOCKS = YES;
				GCC_WARN_64_TO_32_BIT_CONVERSION = YES;
				GCC_WARN_ABOUT_RETURN_TYPE = YES_ERROR;
				GCC_WARN_UNDECLARED_SELECTOR = YES;
				GCC_WARN_UNINITIALIZED_AUTOS = YES_AGGRESSIVE;
				GCC_WARN_UNUSED_FUNCTION = YES;
				GCC_WARN_UNUSED_VARIABLE = YES;
				IPHONEOS_DEPLOYMENT_TARGET = 10.1;
				MTL_ENABLE_DEBUG_INFO = NO;
				SDKROOT = iphoneos;
				SWIFT_OPTIMIZATION_LEVEL = "-Owholemodule";
				TARGETED_DEVICE_FAMILY = "1,2";
				VALIDATE_PRODUCT = YES;
			};
			name = Release;
		};
		EDCF4CB71DB9C858006A8045 /* Debug */ = {
			isa = XCBuildConfiguration;
			baseConfigurationReference = A42C1224D7199C24FF1C79F8 /* Pods-ImproveHRV.debug.xcconfig */;
			buildSettings = {
				ALWAYS_EMBED_SWIFT_STANDARD_LIBRARIES = YES;
				ASSETCATALOG_COMPILER_APPICON_NAME = AppIcon;
				CLANG_ENABLE_MODULES = YES;
				DEVELOPMENT_TEAM = 77T9PEZRU7;
				ENABLE_BITCODE = NO;
				FRAMEWORK_SEARCH_PATHS = (
					"$(inherited)",
					"$(PROJECT_DIR)/ImproveHRV",
				);
				INFOPLIST_FILE = ImproveHRV/Info.plist;
				IPHONEOS_DEPLOYMENT_TARGET = 8.0;
				LD_RUNPATH_SEARCH_PATHS = "$(inherited) @executable_path/Frameworks";
				PRODUCT_BUNDLE_IDENTIFIER = com.arefly.ImproveHRV;
				PRODUCT_NAME = "$(TARGET_NAME)";
				SWIFT_OBJC_BRIDGING_HEADER = "ImproveHRV/ImproveHRV-Bridging-Header.h";
				SWIFT_OPTIMIZATION_LEVEL = "-Onone";
				SWIFT_VERSION = 3.0;
			};
			name = Debug;
		};
		EDCF4CB81DB9C858006A8045 /* Release */ = {
			isa = XCBuildConfiguration;
			baseConfigurationReference = 355DAB5A8A4E97DE8AEAECF9 /* Pods-ImproveHRV.release.xcconfig */;
			buildSettings = {
				ALWAYS_EMBED_SWIFT_STANDARD_LIBRARIES = YES;
				ASSETCATALOG_COMPILER_APPICON_NAME = AppIcon;
				CLANG_ENABLE_MODULES = YES;
				DEVELOPMENT_TEAM = 77T9PEZRU7;
				ENABLE_BITCODE = NO;
				FRAMEWORK_SEARCH_PATHS = (
					"$(inherited)",
					"$(PROJECT_DIR)/ImproveHRV",
				);
				INFOPLIST_FILE = ImproveHRV/Info.plist;
				IPHONEOS_DEPLOYMENT_TARGET = 8.0;
				LD_RUNPATH_SEARCH_PATHS = "$(inherited) @executable_path/Frameworks";
				PRODUCT_BUNDLE_IDENTIFIER = com.arefly.ImproveHRV;
				PRODUCT_NAME = "$(TARGET_NAME)";
				SWIFT_OBJC_BRIDGING_HEADER = "ImproveHRV/ImproveHRV-Bridging-Header.h";
				SWIFT_VERSION = 3.0;
			};
			name = Release;
		};
		EDCF4CBA1DB9C858006A8045 /* Debug */ = {
			isa = XCBuildConfiguration;
			baseConfigurationReference = 45B76CD1AAA638A023BA56EC /* Pods-ImproveHRVTests.debug.xcconfig */;
			buildSettings = {
				ALWAYS_EMBED_SWIFT_STANDARD_LIBRARIES = YES;
				BUNDLE_LOADER = "$(TEST_HOST)";
				DEVELOPMENT_TEAM = 77T9PEZRU7;
				INFOPLIST_FILE = ImproveHRVTests/Info.plist;
				LD_RUNPATH_SEARCH_PATHS = "$(inherited) @executable_path/Frameworks @loader_path/Frameworks";
				PRODUCT_BUNDLE_IDENTIFIER = com.arefly.ImproveHRVTests;
				PRODUCT_NAME = "$(TARGET_NAME)";
				SWIFT_VERSION = 3.0;
				TEST_HOST = "$(BUILT_PRODUCTS_DIR)/ImproveHRV.app/ImproveHRV";
			};
			name = Debug;
		};
		EDCF4CBB1DB9C858006A8045 /* Release */ = {
			isa = XCBuildConfiguration;
			baseConfigurationReference = 2C985FB37F6DEFEB0C56EDCA /* Pods-ImproveHRVTests.release.xcconfig */;
			buildSettings = {
				ALWAYS_EMBED_SWIFT_STANDARD_LIBRARIES = YES;
				BUNDLE_LOADER = "$(TEST_HOST)";
				DEVELOPMENT_TEAM = 77T9PEZRU7;
				INFOPLIST_FILE = ImproveHRVTests/Info.plist;
				LD_RUNPATH_SEARCH_PATHS = "$(inherited) @executable_path/Frameworks @loader_path/Frameworks";
				PRODUCT_BUNDLE_IDENTIFIER = com.arefly.ImproveHRVTests;
				PRODUCT_NAME = "$(TARGET_NAME)";
				SWIFT_VERSION = 3.0;
				TEST_HOST = "$(BUILT_PRODUCTS_DIR)/ImproveHRV.app/ImproveHRV";
			};
			name = Release;
		};
		EDCF4CBD1DB9C858006A8045 /* Debug */ = {
			isa = XCBuildConfiguration;
			baseConfigurationReference = E3AF92B3DAF407210EB2545C /* Pods-ImproveHRVUITests.debug.xcconfig */;
			buildSettings = {
				ALWAYS_EMBED_SWIFT_STANDARD_LIBRARIES = YES;
				DEVELOPMENT_TEAM = 77T9PEZRU7;
				INFOPLIST_FILE = ImproveHRVUITests/Info.plist;
				LD_RUNPATH_SEARCH_PATHS = "$(inherited) @executable_path/Frameworks @loader_path/Frameworks";
				PRODUCT_BUNDLE_IDENTIFIER = com.arefly.ImproveHRVUITests;
				PRODUCT_NAME = "$(TARGET_NAME)";
				SWIFT_VERSION = 3.0;
				TEST_TARGET_NAME = ImproveHRV;
			};
			name = Debug;
		};
		EDCF4CBE1DB9C858006A8045 /* Release */ = {
			isa = XCBuildConfiguration;
			baseConfigurationReference = 81BC356ED4A6AB3346CD0E40 /* Pods-ImproveHRVUITests.release.xcconfig */;
			buildSettings = {
				ALWAYS_EMBED_SWIFT_STANDARD_LIBRARIES = YES;
				DEVELOPMENT_TEAM = 77T9PEZRU7;
				INFOPLIST_FILE = ImproveHRVUITests/Info.plist;
				LD_RUNPATH_SEARCH_PATHS = "$(inherited) @executable_path/Frameworks @loader_path/Frameworks";
				PRODUCT_BUNDLE_IDENTIFIER = com.arefly.ImproveHRVUITests;
				PRODUCT_NAME = "$(TARGET_NAME)";
				SWIFT_VERSION = 3.0;
				TEST_TARGET_NAME = ImproveHRV;
			};
			name = Release;
		};
/* End XCBuildConfiguration section */

/* Begin XCConfigurationList section */
		EDCF4C861DB9C858006A8045 /* Build configuration list for PBXProject "ImproveHRV" */ = {
			isa = XCConfigurationList;
			buildConfigurations = (
				EDCF4CB41DB9C858006A8045 /* Debug */,
				EDCF4CB51DB9C858006A8045 /* Release */,
			);
			defaultConfigurationIsVisible = 0;
			defaultConfigurationName = Release;
		};
		EDCF4CB61DB9C858006A8045 /* Build configuration list for PBXNativeTarget "ImproveHRV" */ = {
			isa = XCConfigurationList;
			buildConfigurations = (
				EDCF4CB71DB9C858006A8045 /* Debug */,
				EDCF4CB81DB9C858006A8045 /* Release */,
			);
			defaultConfigurationIsVisible = 0;
			defaultConfigurationName = Release;
		};
		EDCF4CB91DB9C858006A8045 /* Build configuration list for PBXNativeTarget "ImproveHRVTests" */ = {
			isa = XCConfigurationList;
			buildConfigurations = (
				EDCF4CBA1DB9C858006A8045 /* Debug */,
				EDCF4CBB1DB9C858006A8045 /* Release */,
			);
			defaultConfigurationIsVisible = 0;
			defaultConfigurationName = Release;
		};
		EDCF4CBC1DB9C858006A8045 /* Build configuration list for PBXNativeTarget "ImproveHRVUITests" */ = {
			isa = XCConfigurationList;
			buildConfigurations = (
				EDCF4CBD1DB9C858006A8045 /* Debug */,
				EDCF4CBE1DB9C858006A8045 /* Release */,
			);
			defaultConfigurationIsVisible = 0;
			defaultConfigurationName = Release;
		};
/* End XCConfigurationList section */
	};
	rootObject = EDCF4C831DB9C858006A8045 /* Project object */;
}
